
Microsoft Visual Studio Solution File, Format Version 12.00
# Visual Studio Version 16
VisualStudioVersion = 16.0.29209.62
MinimumVisualStudioVersion = 10.0.40219.1
Project("{FAE04EC0-301F-11D3-BF4B-00C04F79EFBC}") = "MLCrawler.WF", "WindowsFormsApp1\MLCrawler.WF.csproj", "{D6D12197-5097-40A7-BB53-93C7CE7D3D5C}"
EndProject
Project("{FAE04EC0-301F-11D3-BF4B-00C04F79EFBC}") = "Crawler", "Crawler\Crawler.csproj", "{74869CE5-FAAE-4343-B11E-9C424B121397}"
EndProject
Project("{FAE04EC0-301F-11D3-BF4B-00C04F79EFBC}") = "MLCrawler.Domain", "MLCrawler.Domain\MLCrawler.Domain.csproj", "{458CC610-DD8A-4F73-AB47-42E6338B9D69}"
EndProject
Global
	GlobalSection(SolutionConfigurationPlatforms) = preSolution
		Debug|Any CPU = Debug|Any CPU
		Release|Any CPU = Release|Any CPU
	EndGlobalSection
	GlobalSection(ProjectConfigurationPlatforms) = postSolution
		{D6D12197-5097-40A7-BB53-93C7CE7D3D5C}.Debug|Any CPU.ActiveCfg = Debug|Any CPU
		{D6D12197-5097-40A7-BB53-93C7CE7D3D5C}.Debug|Any CPU.Build.0 = Debug|Any CPU
		{D6D12197-5097-40A7-BB53-93C7CE7D3D5C}.Release|Any CPU.ActiveCfg = Release|Any CPU
		{D6D12197-5097-40A7-BB53-93C7CE7D3D5C}.Release|Any CPU.Build.0 = Release|Any CPU
		{74869CE5-FAAE-4343-B11E-9C424B121397}.Debug|Any CPU.ActiveCfg = Debug|Any CPU
		{74869CE5-FAAE-4343-B11E-9C424B121397}.Debug|Any CPU.Build.0 = Debug|Any CPU
		{74869CE5-FAAE-4343-B11E-9C424B121397}.Release|Any CPU.ActiveCfg = Release|Any CPU
		{74869CE5-FAAE-4343-B11E-9C424B121397}.Release|Any CPU.Build.0 = Release|Any CPU
		{458CC610-DD8A-4F73-AB47-42E6338B9D69}.Debug|Any CPU.ActiveCfg = Debug|Any CPU
		{458CC610-DD8A-4F73-AB47-42E6338B9D69}.Debug|Any CPU.Build.0 = Debug|Any CPU
		{458CC610-DD8A-4F73-AB47-42E6338B9D69}.Release|Any CPU.ActiveCfg = Release|Any CPU
		{458CC610-DD8A-4F73-AB47-42E6338B9D69}.Release|Any CPU.Build.0 = Release|Any CPU
	EndGlobalSection
	GlobalSection(SolutionProperties) = preSolution
		HideSolutionNode = FALSE
	EndGlobalSection
	GlobalSection(ExtensibilityGlobals) = postSolution
		SolutionGuid = {99B4AE3D-52C7-4E89-9F7A-3EBDE412410A}
	EndGlobalSection
EndGlobal
